
Microsoft Visual Studio Solution File, Format Version 12.00
# Visual Studio Version 16
VisualStudioVersion = 16.0.29613.14
MinimumVisualStudioVersion = 10.0.40219.1
Project("{9A19103F-16F7-4668-BE54-9A1E7A4F7556}") = "testing seriloq By docs", "testing seriloq By docs.csproj", "{156C839C-C882-454E-9846-945A3821108D}"
EndProject
Global
	GlobalSection(SolutionConfigurationPlatforms) = preSolution
		Debug|Any CPU = Debug|Any CPU
		Release|Any CPU = Release|Any CPU
	EndGlobalSection
	GlobalSection(ProjectConfigurationPlatforms) = postSolution
		{156C839C-C882-454E-9846-945A3821108D}.Debug|Any CPU.ActiveCfg = Debug|Any CPU
		{156C839C-C882-454E-9846-945A3821108D}.Debug|Any CPU.Build.0 = Debug|Any CPU
		{156C839C-C882-454E-9846-945A3821108D}.Release|Any CPU.ActiveCfg = Release|Any CPU
		{156C839C-C882-454E-9846-945A3821108D}.Release|Any CPU.Build.0 = Release|Any CPU
	EndGlobalSection
	GlobalSection(SolutionProperties) = preSolution
		HideSolutionNode = FALSE
	EndGlobalSection
	GlobalSection(ExtensibilityGlobals) = postSolution
		SolutionGuid = {6E71F9CD-82E2-40B2-9A02-1440ED11A0F6}
	EndGlobalSection
EndGlobal
